# Generated by pub
# See https://dart.dev/tools/pub/glossary#lockfile
packages:
  after_layout:
    dependency: transitive
    description:
      name: after_layout
      sha256: "95a1cb2ca1464f44f14769329fbf15987d20ab6c88f8fc5d359bd362be625f29"
      url: "https://pub.dev"
    source: hosted
    version: "1.2.0"
  animations:
    dependency: "direct main"
    description:
      name: animations
      sha256: ef57563eed3620bd5d75ad96189846aca1e033c0c45fc9a7d26e80ab02b88a70
      url: "https://pub.dev"
    source: hosted
    version: "2.0.8"
  ansicolor:
    dependency: transitive
    description:
      name: ansicolor
      sha256: "8bf17a8ff6ea17499e40a2d2542c2f481cd7615760c6d34065cb22bfd22e6880"
      url: "https://pub.dev"
    source: hosted
    version: "2.0.2"
  archive:
    dependency: transitive
    description:
      name: archive
      sha256: "7b875fd4a20b165a3084bd2d210439b22ebc653f21cea4842729c0c30c82596b"
      url: "https://pub.dev"
    source: hosted
    version: "3.4.9"
  args:
    dependency: transitive
    description:
      name: args
      sha256: eef6c46b622e0494a36c5a12d10d77fb4e855501a91c1b9ef9339326e58f0596
      url: "https://pub.dev"
    source: hosted
    version: "2.4.2"
  async:
    dependency: "direct main"
    description:
      name: async
      sha256: "947bfcf187f74dbc5e146c9eb9c0f10c9f8b30743e341481c1e2ed3ecc18c20c"
      url: "https://pub.dev"
    source: hosted
    version: "2.11.0"
  boolean_selector:
    dependency: transitive
    description:
      name: boolean_selector
      sha256: "6cfb5af12253eaf2b368f07bacc5a80d1301a071c73360d746b7f2e32d762c66"
      url: "https://pub.dev"
    source: hosted
    version: "2.1.1"
  characters:
    dependency: transitive
    description:
      name: characters
      sha256: "04a925763edad70e8443c99234dc3328f442e811f1d8fd1a72f1c8ad0f69a605"
      url: "https://pub.dev"
    source: hosted
    version: "1.3.0"
  checked_yaml:
    dependency: transitive
    description:
      name: checked_yaml
      sha256: feb6bed21949061731a7a75fc5d2aa727cf160b91af9a3e464c5e3a32e28b5ff
      url: "https://pub.dev"
    source: hosted
    version: "2.0.3"
  cli_util:
    dependency: transitive
    description:
      name: cli_util
      sha256: b8db3080e59b2503ca9e7922c3df2072cf13992354d5e944074ffa836fba43b7
      url: "https://pub.dev"
    source: hosted
    version: "0.4.0"
  clock:
    dependency: transitive
    description:
      name: clock
      sha256: cb6d7f03e1de671e34607e909a7213e31d7752be4fb66a86d29fe1eb14bfb5cf
      url: "https://pub.dev"
    source: hosted
    version: "1.1.1"
  collection:
    dependency: transitive
    description:
      name: collection
      sha256: ee67cb0715911d28db6bf4af1026078bd6f0128b07a5f66fb2ed94ec6783c09a
      url: "https://pub.dev"
    source: hosted
    version: "1.18.0"
  contextmenu:
    dependency: "direct main"
    description:
      name: contextmenu
      sha256: e0c7d60e2fc9f316f5b03f5fe2c0f977d65125345d1a1f77eea02be612e32d0c
      url: "https://pub.dev"
    source: hosted
    version: "3.0.0"
  convert:
    dependency: transitive
    description:
      name: convert
      sha256: "0f08b14755d163f6e2134cb58222dd25ea2a2ee8a195e53983d57c075324d592"
      url: "https://pub.dev"
    source: hosted
    version: "3.1.1"
  crypto:
    dependency: transitive
    description:
      name: crypto
      sha256: ff625774173754681d66daaf4a448684fb04b78f902da9cb3d308c19cc5e8bab
      url: "https://pub.dev"
    source: hosted
    version: "3.0.3"
  csslib:
    dependency: transitive
    description:
      name: csslib
      sha256: "831883fb353c8bdc1d71979e5b342c7d88acfbc643113c14ae51e2442ea0f20f"
      url: "https://pub.dev"
    source: hosted
    version: "0.17.3"
  cupertino_icons:
    dependency: "direct main"
    description:
      name: cupertino_icons
      sha256: d57953e10f9f8327ce64a508a355f0b1ec902193f66288e8cb5070e7c47eeb2d
      url: "https://pub.dev"
    source: hosted
    version: "1.0.6"
  device_info_plus:
    dependency: "direct main"
    description:
      name: device_info_plus
      sha256: "0042cb3b2a76413ea5f8a2b40cec2a33e01d0c937e91f0f7c211fde4f7739ba6"
      url: "https://pub.dev"
    source: hosted
    version: "9.1.1"
  device_info_plus_platform_interface:
    dependency: transitive
    description:
      name: device_info_plus_platform_interface
      sha256: d3b01d5868b50ae571cd1dc6e502fc94d956b665756180f7b16ead09e836fd64
      url: "https://pub.dev"
    source: hosted
    version: "7.0.0"
  dynamic_color:
    dependency: "direct main"
    description:
      name: dynamic_color
      sha256: "8b8bd1d798bd393e11eddeaa8ae95b12ff028bf7d5998fc5d003488cd5f4ce2f"
      url: "https://pub.dev"
    source: hosted
    version: "1.6.8"
  equatable:
    dependency: transitive
    description:
      name: equatable
      sha256: c2b87cb7756efdf69892005af546c56c0b5037f54d2a88269b4f347a505e3ca2
      url: "https://pub.dev"
    source: hosted
    version: "2.0.5"
  expandable:
    dependency: "direct main"
    description:
      name: expandable
      sha256: "9604d612d4d1146dafa96c6d8eec9c2ff0994658d6d09fed720ab788c7f5afc2"
      url: "https://pub.dev"
    source: hosted
    version: "5.0.1"
  fake_async:
    dependency: transitive
    description:
      name: fake_async
      sha256: "511392330127add0b769b75a987850d136345d9227c6b94c96a04cf4a391bf78"
      url: "https://pub.dev"
    source: hosted
    version: "1.3.1"
  ffi:
    dependency: transitive
    description:
      name: ffi
      sha256: "7bf0adc28a23d395f19f3f1eb21dd7cfd1dd9f8e1c50051c069122e6853bc878"
      url: "https://pub.dev"
    source: hosted
    version: "2.1.0"
  file:
    dependency: transitive
    description:
      name: file
      sha256: "5fc22d7c25582e38ad9a8515372cd9a93834027aacf1801cf01164dac0ffa08c"
      url: "https://pub.dev"
    source: hosted
    version: "7.0.0"
  fl_chart:
    dependency: "direct main"
    description:
      name: fl_chart
      sha256: "5a74434cc83bf64346efb562f1a06eefaf1bcb530dc3d96a104f631a1eff8d79"
      url: "https://pub.dev"
    source: hosted
    version: "0.65.0"
  flutter:
    dependency: "direct main"
    description: flutter
    source: sdk
    version: "0.0.0"
  flutter_displaymode:
    dependency: "direct main"
    description:
      name: flutter_displaymode
      sha256: "42c5e9abd13d28ed74f701b60529d7f8416947e58256e6659c5550db719c57ef"
      url: "https://pub.dev"
    source: hosted
    version: "0.6.0"
  flutter_dotenv:
    dependency: "direct main"
    description:
      name: flutter_dotenv
      sha256: "9357883bdd153ab78cbf9ffa07656e336b8bbb2b5a3ca596b0b27e119f7c7d77"
      url: "https://pub.dev"
    source: hosted
    version: "5.1.0"
  flutter_html:
    dependency: "direct main"
    description:
      name: flutter_html
      sha256: "02ad69e813ecfc0728a455e4bf892b9379983e050722b1dce00192ee2e41d1ee"
      url: "https://pub.dev"
    source: hosted
    version: "3.0.0-beta.2"
  flutter_launcher_icons:
    dependency: "direct dev"
    description:
      name: flutter_launcher_icons
      sha256: "526faf84284b86a4cb36d20a5e45147747b7563d921373d4ee0559c54fcdbcea"
      url: "https://pub.dev"
    source: hosted
    version: "0.13.1"
  flutter_lints:
    dependency: "direct dev"
    description:
      name: flutter_lints
      sha256: e2a421b7e59244faef694ba7b30562e489c2b489866e505074eb005cd7060db7
      url: "https://pub.dev"
    source: hosted
    version: "3.0.1"
  flutter_localizations:
    dependency: "direct main"
    description: flutter
    source: sdk
    version: "0.0.0"
  flutter_markdown:
    dependency: "direct main"
    description:
      name: flutter_markdown
      sha256: "35108526a233cc0755664d445f8a6b4b61e6f8fe993b3658b80b4a26827fc196"
      url: "https://pub.dev"
    source: hosted
    version: "0.6.18+2"
  flutter_native_splash:
    dependency: "direct dev"
    description:
      name: flutter_native_splash
      sha256: c4d899312b36e7454bedfd0a4740275837b99e532d81c8477579d8183db1de6c
      url: "https://pub.dev"
    source: hosted
    version: "2.3.6"
  flutter_reorderable_list:
    dependency: "direct main"
    description:
      name: flutter_reorderable_list
      sha256: "0400ef34fa00b7cac69f71efc92d7e49727f425bc1080180ebe70bf47618afe0"
      url: "https://pub.dev"
    source: hosted
    version: "1.3.1"
  flutter_split_view:
    dependency: "direct main"
    description:
      path: "."
      ref: master-alt
      resolved-ref: a6aa2419243cc0abccf9474ce340790d6c0ded6f
      url: "https://github.com/JGeek00/flutter_split_view"
    source: git
    version: "0.1.2"
  flutter_svg:
    dependency: "direct main"
    description:
      name: flutter_svg
      sha256: d39e7f95621fc84376bc0f7d504f05c3a41488c562f4a8ad410569127507402c
      url: "https://pub.dev"
    source: hosted
    version: "2.0.9"
  flutter_test:
    dependency: "direct dev"
    description: flutter
    source: sdk
    version: "0.0.0"
  flutter_web_browser:
    dependency: "direct main"
    description:
      name: flutter_web_browser
      sha256: a5564b736253f745e147b8c4eff86de436324d081974cc1f16bff881134a400f
      url: "https://pub.dev"
    source: hosted
    version: "0.17.1"
  flutter_web_plugins:
    dependency: transitive
    description: flutter
    source: sdk
    version: "0.0.0"
  html:
    dependency: "direct main"
    description:
      name: html
      sha256: "3a7812d5bcd2894edf53dfaf8cd640876cf6cef50a8f238745c8b8120ea74d3a"
      url: "https://pub.dev"
    source: hosted
    version: "0.15.4"
  http:
    dependency: "direct main"
    description:
      name: http
      sha256: "759d1a329847dd0f39226c688d3e06a6b8679668e350e2891a6474f8b4bb8525"
      url: "https://pub.dev"
    source: hosted
    version: "1.1.0"
  http_parser:
    dependency: transitive
    description:
      name: http_parser
      sha256: "2aa08ce0341cc9b354a498388e30986515406668dbcc4f7c950c3e715496693b"
      url: "https://pub.dev"
    source: hosted
    version: "4.0.2"
  image:
    dependency: transitive
    description:
      name: image
      sha256: "028f61960d56f26414eb616b48b04eb37d700cbe477b7fb09bf1d7ce57fd9271"
      url: "https://pub.dev"
    source: hosted
    version: "4.1.3"
  intl:
    dependency: "direct main"
    description:
      name: intl
      sha256: "3bc132a9dbce73a7e4a21a17d06e1878839ffbf975568bc875c60537824b0c4d"
      url: "https://pub.dev"
    source: hosted
    version: "0.18.1"
  js:
    dependency: transitive
    description:
      name: js
      sha256: f2c445dce49627136094980615a031419f7f3eb393237e4ecd97ac15dea343f3
      url: "https://pub.dev"
    source: hosted
    version: "0.6.7"
  json_annotation:
    dependency: transitive
    description:
      name: json_annotation
      sha256: b10a7b2ff83d83c777edba3c6a0f97045ddadd56c944e1a23a3fdf43a1bf4467
      url: "https://pub.dev"
    source: hosted
    version: "4.8.1"
  lints:
    dependency: transitive
    description:
      name: lints
      sha256: cbf8d4b858bb0134ef3ef87841abdf8d63bfc255c266b7bf6b39daa1085c4290
      url: "https://pub.dev"
    source: hosted
    version: "3.0.0"
  list_counter:
    dependency: transitive
    description:
      name: list_counter
      sha256: c447ae3dfcd1c55f0152867090e67e219d42fe6d4f2807db4bbe8b8d69912237
      url: "https://pub.dev"
    source: hosted
    version: "1.0.2"
  markdown:
    dependency: "direct main"
    description:
      name: markdown
      sha256: acf35edccc0463a9d7384e437c015a3535772e09714cf60e07eeef3a15870dcd
      url: "https://pub.dev"
    source: hosted
    version: "7.1.1"
  matcher:
    dependency: transitive
    description:
      name: matcher
      sha256: "1803e76e6653768d64ed8ff2e1e67bea3ad4b923eb5c56a295c3e634bad5960e"
      url: "https://pub.dev"
    source: hosted
    version: "0.12.16"
  material_color_utilities:
    dependency: transitive
    description:
      name: material_color_utilities
      sha256: "9528f2f296073ff54cb9fee677df673ace1218163c3bc7628093e7eed5203d41"
      url: "https://pub.dev"
    source: hosted
    version: "0.5.0"
  meta:
    dependency: transitive
    description:
      name: meta
      sha256: a6e590c838b18133bb482a2745ad77c5bb7715fb0451209e1a7567d416678b8e
      url: "https://pub.dev"
    source: hosted
    version: "1.10.0"
  nested:
    dependency: transitive
    description:
      name: nested
      sha256: "03bac4c528c64c95c722ec99280375a6f2fc708eec17c7b3f07253b626cd2a20"
      url: "https://pub.dev"
    source: hosted
    version: "1.0.0"
  package_info_plus:
    dependency: "direct main"
    description:
      name: package_info_plus
      sha256: "88bc797f44a94814f2213db1c9bd5badebafdfb8290ca9f78d4b9ee2a3db4d79"
      url: "https://pub.dev"
    source: hosted
    version: "5.0.1"
  package_info_plus_platform_interface:
    dependency: transitive
    description:
      name: package_info_plus_platform_interface
      sha256: "9bc8ba46813a4cc42c66ab781470711781940780fd8beddd0c3da62506d3a6c6"
      url: "https://pub.dev"
    source: hosted
    version: "2.0.1"
  path:
    dependency: transitive
    description:
      name: path
      sha256: "8829d8a55c13fc0e37127c29fedf290c102f4e40ae94ada574091fe0ff96c917"
      url: "https://pub.dev"
    source: hosted
    version: "1.8.3"
  path_parsing:
    dependency: transitive
    description:
      name: path_parsing
      sha256: e3e67b1629e6f7e8100b367d3db6ba6af4b1f0bb80f64db18ef1fbabd2fa9ccf
      url: "https://pub.dev"
    source: hosted
    version: "1.0.1"
  percent_indicator:
    dependency: "direct main"
    description:
      name: percent_indicator
      sha256: c37099ad833a883c9d71782321cb65c3a848c21b6939b6185f0ff6640d05814c
      url: "https://pub.dev"
    source: hosted
    version: "4.2.3"
  petitparser:
    dependency: transitive
    description:
      name: petitparser
      sha256: eeb2d1428ee7f4170e2bd498827296a18d4e7fc462b71727d111c0ac7707cfa6
      url: "https://pub.dev"
    source: hosted
    version: "6.0.1"
  pie_chart:
    dependency: "direct main"
    description:
      name: pie_chart
      sha256: "58e6a46999ac938bfa1c3e5be414d6e149f037647197dca03ba3614324c12c82"
      url: "https://pub.dev"
    source: hosted
    version: "5.4.0"
  plugin_platform_interface:
    dependency: transitive
    description:
      name: plugin_platform_interface
      sha256: f4f88d4a900933e7267e2b353594774fc0d07fb072b47eedcd5b54e1ea3269f8
      url: "https://pub.dev"
    source: hosted
    version: "2.1.7"
  pointycastle:
    dependency: transitive
    description:
      name: pointycastle
      sha256: "7c1e5f0d23c9016c5bbd8b1473d0d3fb3fc851b876046039509e18e0c7485f2c"
      url: "https://pub.dev"
    source: hosted
    version: "3.7.3"
  provider:
    dependency: "direct main"
    description:
      name: provider
      sha256: "9a96a0a19b594dbc5bf0f1f27d2bc67d5f95957359b461cd9feb44ed6ae75096"
      url: "https://pub.dev"
    source: hosted
    version: "6.1.1"
  segmented_button_slide:
    dependency: "direct main"
    description:
      name: segmented_button_slide
      sha256: "96d67344fa65f6b98a317d930bfd4e81e47c4f9e3e2ab1ee8925b55f72cded13"
      url: "https://pub.dev"
    source: hosted
    version: "1.0.4"
  sentry:
    dependency: transitive
    description:
      name: sentry
      sha256: e7ded42974bac5f69e4ca4ddc57d30499dd79381838f24b7e8fd9aa4139e7b79
      url: "https://pub.dev"
    source: hosted
    version: "7.13.2"
  sentry_flutter:
    dependency: "direct main"
    description:
      name: sentry_flutter
      sha256: d6f55ec7a1f681784165021f749007712a72ff57eadf91e963331b6ae326f089
      url: "https://pub.dev"
    source: hosted
    version: "7.13.2"
  sky_engine:
    dependency: transitive
    description: flutter
    source: sdk
    version: "0.0.99"
  source_span:
    dependency: transitive
    description:
      name: source_span
      sha256: "53e943d4206a5e30df338fd4c6e7a077e02254531b138a15aec3bd143c1a8b3c"
      url: "https://pub.dev"
    source: hosted
    version: "1.10.0"
  sprintf:
    dependency: transitive
    description:
      name: sprintf
      sha256: "1fc9ffe69d4df602376b52949af107d8f5703b77cda567c4d7d86a0693120f23"
      url: "https://pub.dev"
    source: hosted
    version: "7.0.0"
  sqflite:
    dependency: "direct main"
    description:
      name: sqflite
      sha256: "591f1602816e9c31377d5f008c2d9ef7b8aca8941c3f89cc5fd9d84da0c38a9a"
      url: "https://pub.dev"
    source: hosted
    version: "2.3.0"
  sqflite_common:
    dependency: transitive
    description:
      name: sqflite_common
      sha256: bb4738f15b23352822f4c42a531677e5c6f522e079461fd240ead29d8d8a54a6
      url: "https://pub.dev"
    source: hosted
    version: "2.5.0+2"
  sqflite_common_ffi:
    dependency: "direct main"
    description:
      name: sqflite_common_ffi
      sha256: "35d2fce1e971707c227cc4775cc017d5eafe06c2654c3435ebd5c3ad6c170f5f"
      url: "https://pub.dev"
    source: hosted
    version: "2.3.0+4"
  sqlite3:
    dependency: transitive
    description:
      name: sqlite3
      sha256: db65233e6b99e99b2548932f55a987961bc06d82a31a0665451fa0b4fff4c3fb
      url: "https://pub.dev"
    source: hosted
    version: "2.1.0"
  sqlite3_flutter_libs:
    dependency: "direct main"
    description:
      name: sqlite3_flutter_libs
      sha256: "3e3583b77cf888a68eae2e49ee4f025f66b86623ef0d83c297c8d903daa14871"
      url: "https://pub.dev"
    source: hosted
    version: "0.5.18"
  stack_trace:
    dependency: transitive
    description:
      name: stack_trace
      sha256: "73713990125a6d93122541237550ee3352a2d84baad52d375a4cad2eb9b7ce0b"
      url: "https://pub.dev"
    source: hosted
    version: "1.11.1"
  store_checker:
    dependency: "direct main"
    description:
      name: store_checker
      sha256: c9c1a93f11fa756fea23a2a08d7e54e84626a8d3c759cf49fc694a3a5afdc705
      url: "https://pub.dev"
    source: hosted
    version: "1.4.0"
  stream_channel:
    dependency: transitive
    description:
      name: stream_channel
      sha256: ba2aa5d8cc609d96bbb2899c28934f9e1af5cddbd60a827822ea467161eb54e7
      url: "https://pub.dev"
    source: hosted
    version: "2.1.2"
  string_scanner:
    dependency: transitive
    description:
      name: string_scanner
      sha256: "556692adab6cfa87322a115640c11f13cb77b3f076ddcc5d6ae3c20242bedcde"
      url: "https://pub.dev"
    source: hosted
    version: "1.2.0"
  synchronized:
    dependency: transitive
    description:
      name: synchronized
      sha256: "5fcbd27688af6082f5abd611af56ee575342c30e87541d0245f7ff99faa02c60"
      url: "https://pub.dev"
    source: hosted
    version: "3.1.0"
  term_glyph:
    dependency: transitive
    description:
      name: term_glyph
      sha256: a29248a84fbb7c79282b40b8c72a1209db169a2e0542bce341da992fe1bc7e84
      url: "https://pub.dev"
    source: hosted
    version: "1.2.1"
  test_api:
    dependency: transitive
    description:
      name: test_api
      sha256: "5c2f730018264d276c20e4f1503fd1308dfbbae39ec8ee63c5236311ac06954b"
      url: "https://pub.dev"
    source: hosted
    version: "0.6.1"
  typed_data:
    dependency: transitive
    description:
      name: typed_data
      sha256: facc8d6582f16042dd49f2463ff1bd6e2c9ef9f3d5da3d9b087e244a7b564b3c
      url: "https://pub.dev"
    source: hosted
    version: "1.3.2"
  universal_io:
    dependency: transitive
    description:
      name: universal_io
      sha256: "1722b2dcc462b4b2f3ee7d188dad008b6eb4c40bbd03a3de451d82c78bba9aad"
      url: "https://pub.dev"
    source: hosted
    version: "2.2.2"
  url_launcher:
    dependency: "direct main"
    description:
      name: url_launcher
      sha256: b1c9e98774adf8820c96fbc7ae3601231d324a7d5ebd8babe27b6dfac91357ba
      url: "https://pub.dev"
    source: hosted
    version: "6.2.1"
  url_launcher_android:
    dependency: transitive
    description:
      name: url_launcher_android
      sha256: "31222ffb0063171b526d3e569079cf1f8b294075ba323443fdc690842bfd4def"
      url: "https://pub.dev"
    source: hosted
    version: "6.2.0"
  url_launcher_ios:
    dependency: transitive
    description:
      name: url_launcher_ios
      sha256: bba3373219b7abb6b5e0d071b0fe66dfbe005d07517a68e38d4fc3638f35c6d3
      url: "https://pub.dev"
    source: hosted
    version: "6.2.1"
  url_launcher_linux:
    dependency: transitive
    description:
      name: url_launcher_linux
      sha256: "9f2d390e096fdbe1e6e6256f97851e51afc2d9c423d3432f1d6a02a8a9a8b9fd"
      url: "https://pub.dev"
    source: hosted
    version: "3.1.0"
  url_launcher_macos:
    dependency: transitive
    description:
      name: url_launcher_macos
      sha256: b7244901ea3cf489c5335bdacda07264a6e960b1c1b1a9f91e4bc371d9e68234
      url: "https://pub.dev"
    source: hosted
    version: "3.1.0"
  url_launcher_platform_interface:
    dependency: transitive
    description:
      name: url_launcher_platform_interface
      sha256: "980e8d9af422f477be6948bdfb68df8433be71f5743a188968b0c1b887807e50"
      url: "https://pub.dev"
    source: hosted
    version: "2.2.0"
  url_launcher_web:
    dependency: transitive
    description:
      name: url_launcher_web
      sha256: "7fd2f55fe86cea2897b963e864dc01a7eb0719ecc65fcef4c1cc3d686d718bb2"
      url: "https://pub.dev"
    source: hosted
    version: "2.2.0"
  url_launcher_windows:
    dependency: transitive
    description:
      name: url_launcher_windows
      sha256: "7754a1ad30ee896b265f8d14078b0513a4dba28d358eabb9d5f339886f4a1adc"
      url: "https://pub.dev"
    source: hosted
    version: "3.1.0"
  uuid:
    dependency: "direct main"
    description:
      name: uuid
      sha256: df5a4d8f22ee4ccd77f8839ac7cb274ebc11ef9adcce8b92be14b797fe889921
      url: "https://pub.dev"
    source: hosted
    version: "4.2.1"
  vector_graphics:
    dependency: transitive
    description:
      name: vector_graphics
      sha256: "0f0c746dd2d6254a0057218ff980fc7f5670fd0fcf5e4db38a490d31eed4ad43"
      url: "https://pub.dev"
    source: hosted
    version: "1.1.9+1"
  vector_graphics_codec:
    dependency: transitive
    description:
      name: vector_graphics_codec
      sha256: "0edf6d630d1bfd5589114138ed8fada3234deacc37966bec033d3047c29248b7"
      url: "https://pub.dev"
    source: hosted
    version: "1.1.9+1"
  vector_graphics_compiler:
    dependency: transitive
    description:
      name: vector_graphics_compiler
      sha256: d24333727332d9bd20990f1483af4e09abdb9b1fc7c3db940b56ab5c42790c26
      url: "https://pub.dev"
    source: hosted
    version: "1.1.9+1"
  vector_math:
    dependency: transitive
    description:
      name: vector_math
      sha256: "80b3257d1492ce4d091729e3a67a60407d227c27241d6927be0130c98e741803"
      url: "https://pub.dev"
    source: hosted
    version: "2.1.4"
  web:
    dependency: transitive
    description:
      name: web
      sha256: afe077240a270dcfd2aafe77602b4113645af95d0ad31128cc02bce5ac5d5152
      url: "https://pub.dev"
    source: hosted
    version: "0.3.0"
  win32:
    dependency: transitive
    description:
      name: win32
      sha256: "7c99c0e1e2fa190b48d25c81ca5e42036d5cac81430ef249027d97b0935c553f"
      url: "https://pub.dev"
    source: hosted
    version: "5.1.0"
  win32_registry:
    dependency: transitive
    description:
      name: win32_registry
      sha256: "41fd8a189940d8696b1b810efb9abcf60827b6cbfab90b0c43e8439e3a39d85a"
      url: "https://pub.dev"
    source: hosted
    version: "1.1.2"
  window_size:
    dependency: "direct main"
    description:
      path: "plugins/window_size"
      ref: HEAD
      resolved-ref: "6c66ad23ee79749f30a8eece542cf54eaf157ed8"
      url: "https://github.com/google/flutter-desktop-embedding"
    source: git
    version: "0.1.0"
  xml:
    dependency: transitive
    description:
      name: xml
      sha256: af5e77e9b83f2f4adc5d3f0a4ece1c7f45a2467b695c2540381bac793e34e556
      url: "https://pub.dev"
    source: hosted
    version: "6.4.2"
  yaml:
    dependency: transitive
    description:
      name: yaml
      sha256: "75769501ea3489fca56601ff33454fe45507ea3bfb014161abc3b43ae25989d5"
      url: "https://pub.dev"
    source: hosted
    version: "3.1.2"
sdks:
  dart: ">=3.2.0 <4.0.0"
  flutter: ">=3.13.0"
