PODS:
  - device_info_plus_macos (0.0.1):
    - FlutterMacOS
  - dynamic_color (0.0.2):
    - FlutterMacOS
  - FlutterMacOS (1.0.0)
  - FMDB (2.7.5):
    - FMDB/standard (= 2.7.5)
  - FMDB/standard (2.7.5)
  - package_info_plus (0.0.1):
    - FlutterMacOS
  - sqflite (0.0.2):
    - FlutterMacOS
    - FMDB (>= 2.7.5)
  - sqlite3 (3.41.0):
    - sqlite3/common (= 3.41.0)
  - sqlite3/common (3.41.0)
  - sqlite3/fts5 (3.41.0):
    - sqlite3/common
  - sqlite3/perf-threadsafe (3.41.0):
    - sqlite3/common
  - sqlite3/rtree (3.41.0):
    - sqlite3/common
  - sqlite3_flutter_libs (0.0.1):
    - FlutterMacOS
    - sqlite3 (~> 3.41.0)
    - sqlite3/fts5
    - sqlite3/perf-threadsafe
    - sqlite3/rtree
  - url_launcher_macos (0.0.1):
    - FlutterMacOS
  - window_size (0.0.2):
    - FlutterMacOS

DEPENDENCIES:
  - device_info_plus_macos (from `Flutter/ephemeral/.symlinks/plugins/device_info_plus_macos/macos`)
  - dynamic_color (from `Flutter/ephemeral/.symlinks/plugins/dynamic_color/macos`)
  - FlutterMacOS (from `Flutter/ephemeral`)
  - package_info_plus (from `Flutter/ephemeral/.symlinks/plugins/package_info_plus/macos`)
  - sqflite (from `Flutter/ephemeral/.symlinks/plugins/sqflite/macos`)
  - sqlite3_flutter_libs (from `Flutter/ephemeral/.symlinks/plugins/sqlite3_flutter_libs/macos`)
  - url_launcher_macos (from `Flutter/ephemeral/.symlinks/plugins/url_launcher_macos/macos`)
  - window_size (from `Flutter/ephemeral/.symlinks/plugins/window_size/macos`)

SPEC REPOS:
  trunk:
    - FMDB
    - sqlite3

EXTERNAL SOURCES:
  device_info_plus_macos:
    :path: Flutter/ephemeral/.symlinks/plugins/device_info_plus_macos/macos
  dynamic_color:
    :path: Flutter/ephemeral/.symlinks/plugins/dynamic_color/macos
  FlutterMacOS:
    :path: Flutter/ephemeral
  package_info_plus:
    :path: Flutter/ephemeral/.symlinks/plugins/package_info_plus/macos
  sqflite:
    :path: Flutter/ephemeral/.symlinks/plugins/sqflite/macos
  sqlite3_flutter_libs:
    :path: Flutter/ephemeral/.symlinks/plugins/sqlite3_flutter_libs/macos
  url_launcher_macos:
    :path: Flutter/ephemeral/.symlinks/plugins/url_launcher_macos/macos
  window_size:
    :path: Flutter/ephemeral/.symlinks/plugins/window_size/macos

SPEC CHECKSUMS:
  device_info_plus_macos: 1ad388a1ef433505c4038e7dd9605aadd1e2e9c7
  dynamic_color: 2eaa27267de1ca20d879fbd6e01259773fb1670f
  FlutterMacOS: 8f6f14fa908a6fb3fba0cd85dbd81ec4b251fb24
  FMDB: 2ce00b547f966261cd18927a3ddb07cb6f3db82a
  package_info_plus: 02d7a575e80f194102bef286361c6c326e4c29ce
  sqflite: a5789cceda41d54d23f31d6de539d65bb14100ea
  sqlite3: d31b2b69d59bd1b4ab30e5c92eb18fd8e82fa392
  sqlite3_flutter_libs: f20746e4a0245afbee4f20d9afc0072ebff7cc26
  url_launcher_macos: 5335912b679c073563f29d89d33d10d459f95451
  window_size: 339dafa0b27a95a62a843042038fa6c3c48de195

PODFILE CHECKSUM: 353c8bcc5d5b0994e508d035b5431cfe18c1dea7

COCOAPODS: 1.11.2
