PODS:
  - device_info_plus (0.0.1):
    - FlutterMacOS
  - dynamic_color (0.0.2):
    - FlutterMacOS
  - FlutterMacOS (1.0.0)
  - package_info_plus (0.0.1):
    - FlutterMacOS
  - Sentry/HybridSDK (8.20.0):
    - SentryPrivate (= 8.20.0)
  - sentry_flutter (0.0.1):
    - Flutter
    - FlutterMacOS
    - Sentry/HybridSDK (= 8.20.0)
  - SentryPrivate (8.20.0)
  - shared_preferences_foundation (0.0.1):
    - Flutter
    - FlutterMacOS
  - sqflite (0.0.3):
    - Flutter
    - FlutterMacOS
  - sqlite3 (3.45.1):
    - sqlite3/common (= 3.45.1)
  - sqlite3/common (3.45.1)
  - sqlite3/fts5 (3.45.1):
    - sqlite3/common
  - sqlite3/perf-threadsafe (3.45.1):
    - sqlite3/common
  - sqlite3/rtree (3.45.1):
    - sqlite3/common
  - sqlite3_flutter_libs (0.0.1):
    - FlutterMacOS
    - sqlite3 (~> 3.45.1)
    - sqlite3/fts5
    - sqlite3/perf-threadsafe
    - sqlite3/rtree
  - url_launcher_macos (0.0.1):
    - FlutterMacOS
  - window_size (0.0.2):
    - FlutterMacOS

DEPENDENCIES:
  - device_info_plus (from `Flutter/ephemeral/.symlinks/plugins/device_info_plus/macos`)
  - dynamic_color (from `Flutter/ephemeral/.symlinks/plugins/dynamic_color/macos`)
  - FlutterMacOS (from `Flutter/ephemeral`)
  - package_info_plus (from `Flutter/ephemeral/.symlinks/plugins/package_info_plus/macos`)
  - sentry_flutter (from `Flutter/ephemeral/.symlinks/plugins/sentry_flutter/macos`)
  - shared_preferences_foundation (from `Flutter/ephemeral/.symlinks/plugins/shared_preferences_foundation/darwin`)
  - sqflite (from `Flutter/ephemeral/.symlinks/plugins/sqflite/darwin`)
  - sqlite3_flutter_libs (from `Flutter/ephemeral/.symlinks/plugins/sqlite3_flutter_libs/macos`)
  - url_launcher_macos (from `Flutter/ephemeral/.symlinks/plugins/url_launcher_macos/macos`)
  - window_size (from `Flutter/ephemeral/.symlinks/plugins/window_size/macos`)

SPEC REPOS:
  trunk:
    - Sentry
    - SentryPrivate
    - sqlite3

EXTERNAL SOURCES:
  device_info_plus:
    :path: Flutter/ephemeral/.symlinks/plugins/device_info_plus/macos
  dynamic_color:
    :path: Flutter/ephemeral/.symlinks/plugins/dynamic_color/macos
  FlutterMacOS:
    :path: Flutter/ephemeral
  package_info_plus:
    :path: Flutter/ephemeral/.symlinks/plugins/package_info_plus/macos
  sentry_flutter:
    :path: Flutter/ephemeral/.symlinks/plugins/sentry_flutter/macos
  shared_preferences_foundation:
    :path: Flutter/ephemeral/.symlinks/plugins/shared_preferences_foundation/darwin
  sqflite:
    :path: Flutter/ephemeral/.symlinks/plugins/sqflite/darwin
  sqlite3_flutter_libs:
    :path: Flutter/ephemeral/.symlinks/plugins/sqlite3_flutter_libs/macos
  url_launcher_macos:
    :path: Flutter/ephemeral/.symlinks/plugins/url_launcher_macos/macos
  window_size:
    :path: Flutter/ephemeral/.symlinks/plugins/window_size/macos

SPEC CHECKSUMS:
  device_info_plus: 5401765fde0b8d062a2f8eb65510fb17e77cf07f
  dynamic_color: 2eaa27267de1ca20d879fbd6e01259773fb1670f
  FlutterMacOS: 8f6f14fa908a6fb3fba0cd85dbd81ec4b251fb24
  package_info_plus: 02d7a575e80f194102bef286361c6c326e4c29ce
  Sentry: a8d7b373b9f9868442b02a0c425192f693103cbf
  sentry_flutter: 03e7660857a8cdb236e71456a7e8447b65c8a788
  SentryPrivate: 006b24af16828441f70e2ab6adf241bd0a8ad130
  shared_preferences_foundation: b4c3b4cddf1c21f02770737f147a3f5da9d39695
  sqflite: 673a0e54cc04b7d6dba8d24fb8095b31c3a99eec
  sqlite3: 73b7fc691fdc43277614250e04d183740cb15078
  sqlite3_flutter_libs: 06a05802529659a272beac4ee1350bfec294f386
  url_launcher_macos: d2691c7dd33ed713bf3544850a623080ec693d95
  window_size: 339dafa0b27a95a62a843042038fa6c3c48de195

PODFILE CHECKSUM: 353c8bcc5d5b0994e508d035b5431cfe18c1dea7

COCOAPODS: 1.15.2
