PODS:
  - device_info_plus (0.0.1):
    - Flutter
  - Flutter (1.0.0)
  - flutter_native_splash (0.0.1):
    - Flutter
  - flutter_web_browser (0.17.1):
    - Flutter
  - FMDB (2.7.5):
    - FMDB/standard (= 2.7.5)
  - FMDB/standard (2.7.5)
  - package_info_plus (0.4.5):
    - Flutter
  - Sentry/HybridSDK (8.9.1):
    - SentryPrivate (= 8.9.1)
  - sentry_flutter (0.0.1):
    - Flutter
    - FlutterMacOS
    - Sentry/HybridSDK (= 8.9.1)
  - SentryPrivate (8.9.1)
  - sqflite (0.0.3):
    - Flutter
    - FMDB (>= 2.7.5)
  - sqlite3 (3.43.1):
    - sqlite3/common (= 3.43.1)
  - sqlite3/common (3.43.1)
  - sqlite3/fts5 (3.43.1):
    - sqlite3/common
  - sqlite3/perf-threadsafe (3.43.1):
    - sqlite3/common
  - sqlite3/rtree (3.43.1):
    - sqlite3/common
  - sqlite3_flutter_libs (0.0.1):
    - Flutter
    - sqlite3 (~> 3.43.0)
    - sqlite3/fts5
    - sqlite3/perf-threadsafe
    - sqlite3/rtree
  - store_checker (0.0.1):
    - Flutter
  - url_launcher_ios (0.0.1):
    - Flutter

DEPENDENCIES:
  - device_info_plus (from `.symlinks/plugins/device_info_plus/ios`)
  - Flutter (from `Flutter`)
  - flutter_native_splash (from `.symlinks/plugins/flutter_native_splash/ios`)
  - flutter_web_browser (from `.symlinks/plugins/flutter_web_browser/ios`)
  - package_info_plus (from `.symlinks/plugins/package_info_plus/ios`)
  - sentry_flutter (from `.symlinks/plugins/sentry_flutter/ios`)
  - sqflite (from `.symlinks/plugins/sqflite/ios`)
  - sqlite3_flutter_libs (from `.symlinks/plugins/sqlite3_flutter_libs/ios`)
  - store_checker (from `.symlinks/plugins/store_checker/ios`)
  - url_launcher_ios (from `.symlinks/plugins/url_launcher_ios/ios`)

SPEC REPOS:
  trunk:
    - FMDB
    - Sentry
    - SentryPrivate
    - sqlite3

EXTERNAL SOURCES:
  device_info_plus:
    :path: ".symlinks/plugins/device_info_plus/ios"
  Flutter:
    :path: Flutter
  flutter_native_splash:
    :path: ".symlinks/plugins/flutter_native_splash/ios"
  flutter_web_browser:
    :path: ".symlinks/plugins/flutter_web_browser/ios"
  package_info_plus:
    :path: ".symlinks/plugins/package_info_plus/ios"
  sentry_flutter:
    :path: ".symlinks/plugins/sentry_flutter/ios"
  sqflite:
    :path: ".symlinks/plugins/sqflite/ios"
  sqlite3_flutter_libs:
    :path: ".symlinks/plugins/sqlite3_flutter_libs/ios"
  store_checker:
    :path: ".symlinks/plugins/store_checker/ios"
  url_launcher_ios:
    :path: ".symlinks/plugins/url_launcher_ios/ios"

SPEC CHECKSUMS:
  device_info_plus: 7545d84d8d1b896cb16a4ff98c19f07ec4b298ea
  Flutter: f04841e97a9d0b0a8025694d0796dd46242b2854
  flutter_native_splash: 52501b97d1c0a5f898d687f1646226c1f93c56ef
  flutter_web_browser: 7bccaafbb0c5b8862afe7bcd158f15557109f61f
  FMDB: 2ce00b547f966261cd18927a3ddb07cb6f3db82a
  package_info_plus: fd030dabf36271f146f1f3beacd48f564b0f17f7
  Sentry: e3203780941722a1fcfee99e351de14244c7f806
  sentry_flutter: 8f0ffd53088e6a4d50c095852c5cad9e4405025c
  SentryPrivate: 5e3683390f66611fc7c6215e27645873adb55d13
  sqflite: 31f7eba61e3074736dff8807a9b41581e4f7f15a
  sqlite3: e0a0623a33a20a47cb5921552aebc6e9e437dc91
  sqlite3_flutter_libs: 878ccbdcfd7b7cb41a774ec238223d876880c5ec
  store_checker: 359c5051d9ec30ff0a8fa39eb5ec9df021bb745d
  url_launcher_ios: 08a3dfac5fb39e8759aeb0abbd5d9480f30fc8b4

PODFILE CHECKSUM: ef19549a9bc3046e7bb7d2fab4d021637c0c58a3

COCOAPODS: 1.12.1
